
Microsoft Visual Studio Solution File, Format Version 12.00
# Visual Studio Version 17
VisualStudioVersion = 17.11.35431.28
MinimumVisualStudioVersion = 10.0.40219.1
Project("{FAE04EC0-301F-11D3-BF4B-00C04F79EFBC}") = "CVSite.API", "CVSite.API\CVSite.API.csproj", "{C9EA7CB4-BA33-4B6C-A6E7-8EC98705F6DD}"
EndProject
Project("{FAE04EC0-301F-11D3-BF4B-00C04F79EFBC}") = "CVSite.Service", "CVSite.Service\CVSite.Service.csproj", "{E8831B41-BB06-42E8-831B-96CEC059761C}"
EndProject
Global
	GlobalSection(SolutionConfigurationPlatforms) = preSolution
		Debug|Any CPU = Debug|Any CPU
		Release|Any CPU = Release|Any CPU
	EndGlobalSection
	GlobalSection(ProjectConfigurationPlatforms) = postSolution
		{C9EA7CB4-BA33-4B6C-A6E7-8EC98705F6DD}.Debug|Any CPU.ActiveCfg = Debug|Any CPU
		{C9EA7CB4-BA33-4B6C-A6E7-8EC98705F6DD}.Debug|Any CPU.Build.0 = Debug|Any CPU
		{C9EA7CB4-BA33-4B6C-A6E7-8EC98705F6DD}.Release|Any CPU.ActiveCfg = Release|Any CPU
		{C9EA7CB4-BA33-4B6C-A6E7-8EC98705F6DD}.Release|Any CPU.Build.0 = Release|Any CPU
		{E8831B41-BB06-42E8-831B-96CEC059761C}.Debug|Any CPU.ActiveCfg = Debug|Any CPU
		{E8831B41-BB06-42E8-831B-96CEC059761C}.Debug|Any CPU.Build.0 = Debug|Any CPU
		{E8831B41-BB06-42E8-831B-96CEC059761C}.Release|Any CPU.ActiveCfg = Release|Any CPU
		{E8831B41-BB06-42E8-831B-96CEC059761C}.Release|Any CPU.Build.0 = Release|Any CPU
	EndGlobalSection
	GlobalSection(SolutionProperties) = preSolution
		HideSolutionNode = FALSE
	EndGlobalSection
	GlobalSection(ExtensibilityGlobals) = postSolution
		SolutionGuid = {064D101A-C266-42C2-8AD5-75A00E6E0637}
	EndGlobalSection
EndGlobal
